
Microsoft Visual Studio Solution File, Format Version 12.00
# Visual Studio 15
VisualStudioVersion = 15.0.26124.0
MinimumVisualStudioVersion = 15.0.26124.0
Project("{FAE04EC0-301F-11D3-BF4B-00C04F79EFBC}") = "Client", "Client\Client.csproj", "{1A88A29B-ACD1-4CA8-944C-91E6073EB193}"
EndProject
Project("{FAE04EC0-301F-11D3-BF4B-00C04F79EFBC}") = "IdentityService", "IdentityService\IdentityService.csproj", "{FC39E3AD-5D22-4DA1-85DF-AC139BDAD9C9}"
EndProject
Project("{FAE04EC0-301F-11D3-BF4B-00C04F79EFBC}") = "PaymentAPI", "PaymentAPI\PaymentAPI.csproj", "{6C7C7EFA-CC7D-4D73-BD8B-9133773868F8}"
EndProject
Project("{FAE04EC0-301F-11D3-BF4B-00C04F79EFBC}") = "Infrastructure", "Infrastructure\Infrastructure.csproj", "{E30F616C-958B-4925-968D-14157805729F}"
EndProject
Global
	GlobalSection(SolutionConfigurationPlatforms) = preSolution
		Debug|Any CPU = Debug|Any CPU
		Debug|x64 = Debug|x64
		Debug|x86 = Debug|x86
		Release|Any CPU = Release|Any CPU
		Release|x64 = Release|x64
		Release|x86 = Release|x86
	EndGlobalSection
	GlobalSection(SolutionProperties) = preSolution
		HideSolutionNode = FALSE
	EndGlobalSection
	GlobalSection(ProjectConfigurationPlatforms) = postSolution
		{1A88A29B-ACD1-4CA8-944C-91E6073EB193}.Debug|Any CPU.ActiveCfg = Debug|Any CPU
		{1A88A29B-ACD1-4CA8-944C-91E6073EB193}.Debug|Any CPU.Build.0 = Debug|Any CPU
		{1A88A29B-ACD1-4CA8-944C-91E6073EB193}.Debug|x64.ActiveCfg = Debug|Any CPU
		{1A88A29B-ACD1-4CA8-944C-91E6073EB193}.Debug|x64.Build.0 = Debug|Any CPU
		{1A88A29B-ACD1-4CA8-944C-91E6073EB193}.Debug|x86.ActiveCfg = Debug|Any CPU
		{1A88A29B-ACD1-4CA8-944C-91E6073EB193}.Debug|x86.Build.0 = Debug|Any CPU
		{1A88A29B-ACD1-4CA8-944C-91E6073EB193}.Release|Any CPU.ActiveCfg = Release|Any CPU
		{1A88A29B-ACD1-4CA8-944C-91E6073EB193}.Release|Any CPU.Build.0 = Release|Any CPU
		{1A88A29B-ACD1-4CA8-944C-91E6073EB193}.Release|x64.ActiveCfg = Release|Any CPU
		{1A88A29B-ACD1-4CA8-944C-91E6073EB193}.Release|x64.Build.0 = Release|Any CPU
		{1A88A29B-ACD1-4CA8-944C-91E6073EB193}.Release|x86.ActiveCfg = Release|Any CPU
		{1A88A29B-ACD1-4CA8-944C-91E6073EB193}.Release|x86.Build.0 = Release|Any CPU
		{FC39E3AD-5D22-4DA1-85DF-AC139BDAD9C9}.Debug|Any CPU.ActiveCfg = Debug|Any CPU
		{FC39E3AD-5D22-4DA1-85DF-AC139BDAD9C9}.Debug|Any CPU.Build.0 = Debug|Any CPU
		{FC39E3AD-5D22-4DA1-85DF-AC139BDAD9C9}.Debug|x64.ActiveCfg = Debug|Any CPU
		{FC39E3AD-5D22-4DA1-85DF-AC139BDAD9C9}.Debug|x64.Build.0 = Debug|Any CPU
		{FC39E3AD-5D22-4DA1-85DF-AC139BDAD9C9}.Debug|x86.ActiveCfg = Debug|Any CPU
		{FC39E3AD-5D22-4DA1-85DF-AC139BDAD9C9}.Debug|x86.Build.0 = Debug|Any CPU
		{FC39E3AD-5D22-4DA1-85DF-AC139BDAD9C9}.Release|Any CPU.ActiveCfg = Release|Any CPU
		{FC39E3AD-5D22-4DA1-85DF-AC139BDAD9C9}.Release|Any CPU.Build.0 = Release|Any CPU
		{FC39E3AD-5D22-4DA1-85DF-AC139BDAD9C9}.Release|x64.ActiveCfg = Release|Any CPU
		{FC39E3AD-5D22-4DA1-85DF-AC139BDAD9C9}.Release|x64.Build.0 = Release|Any CPU
		{FC39E3AD-5D22-4DA1-85DF-AC139BDAD9C9}.Release|x86.ActiveCfg = Release|Any CPU
		{FC39E3AD-5D22-4DA1-85DF-AC139BDAD9C9}.Release|x86.Build.0 = Release|Any CPU
		{6C7C7EFA-CC7D-4D73-BD8B-9133773868F8}.Debug|Any CPU.ActiveCfg = Debug|Any CPU
		{6C7C7EFA-CC7D-4D73-BD8B-9133773868F8}.Debug|Any CPU.Build.0 = Debug|Any CPU
		{6C7C7EFA-CC7D-4D73-BD8B-9133773868F8}.Debug|x64.ActiveCfg = Debug|Any CPU
		{6C7C7EFA-CC7D-4D73-BD8B-9133773868F8}.Debug|x64.Build.0 = Debug|Any CPU
		{6C7C7EFA-CC7D-4D73-BD8B-9133773868F8}.Debug|x86.ActiveCfg = Debug|Any CPU
		{6C7C7EFA-CC7D-4D73-BD8B-9133773868F8}.Debug|x86.Build.0 = Debug|Any CPU
		{6C7C7EFA-CC7D-4D73-BD8B-9133773868F8}.Release|Any CPU.ActiveCfg = Release|Any CPU
		{6C7C7EFA-CC7D-4D73-BD8B-9133773868F8}.Release|Any CPU.Build.0 = Release|Any CPU
		{6C7C7EFA-CC7D-4D73-BD8B-9133773868F8}.Release|x64.ActiveCfg = Release|Any CPU
		{6C7C7EFA-CC7D-4D73-BD8B-9133773868F8}.Release|x64.Build.0 = Release|Any CPU
		{6C7C7EFA-CC7D-4D73-BD8B-9133773868F8}.Release|x86.ActiveCfg = Release|Any CPU
		{6C7C7EFA-CC7D-4D73-BD8B-9133773868F8}.Release|x86.Build.0 = Release|Any CPU
		{E30F616C-958B-4925-968D-14157805729F}.Debug|Any CPU.ActiveCfg = Debug|Any CPU
		{E30F616C-958B-4925-968D-14157805729F}.Debug|Any CPU.Build.0 = Debug|Any CPU
		{E30F616C-958B-4925-968D-14157805729F}.Debug|x64.ActiveCfg = Debug|Any CPU
		{E30F616C-958B-4925-968D-14157805729F}.Debug|x64.Build.0 = Debug|Any CPU
		{E30F616C-958B-4925-968D-14157805729F}.Debug|x86.ActiveCfg = Debug|Any CPU
		{E30F616C-958B-4925-968D-14157805729F}.Debug|x86.Build.0 = Debug|Any CPU
		{E30F616C-958B-4925-968D-14157805729F}.Release|Any CPU.ActiveCfg = Release|Any CPU
		{E30F616C-958B-4925-968D-14157805729F}.Release|Any CPU.Build.0 = Release|Any CPU
		{E30F616C-958B-4925-968D-14157805729F}.Release|x64.ActiveCfg = Release|Any CPU
		{E30F616C-958B-4925-968D-14157805729F}.Release|x64.Build.0 = Release|Any CPU
		{E30F616C-958B-4925-968D-14157805729F}.Release|x86.ActiveCfg = Release|Any CPU
		{E30F616C-958B-4925-968D-14157805729F}.Release|x86.Build.0 = Release|Any CPU
	EndGlobalSection
EndGlobal
